{
  "version": "4",
  "specifiers": {
    "npm:@types/node@*": "22.5.4"
  },
  "npm": {
    "@types/node@22.5.4": {
      "integrity": "sha512-FDuKUJQm/ju9fT/SeX/6+gBzoPzlVCzfzmGkwKvRHQVxi4BntVbyIwf6a4Xn62mrvndLiml6z/UBXIdEVjQLXg==",
      "dependencies": [
        "undici-types"
      ]
    },
    "undici-types@6.19.8": {
      "integrity": "sha512-ve2KP6f/JnbPBFyobGHuerC9g1FYGn/F8n1LWTwNxCEzd6IfqTwUQcNXgEtmmQ6DlRrC1hrSrBnCZPokRrDHjw=="
    }
  },
  "redirects": {
    "https://deno.land/x/preact/hooks.ts": "https://deno.land/x/preact@0.0.5/hooks.ts",
    "https://esm.sh/@types/react-dom@~18.2.25/server.d.ts": "https://esm.sh/@types/react-dom@18.2.25/server.d.ts",
    "https://esm.sh/@types/react-dom@~19.0.3/index.d.ts": "https://esm.sh/@types/react-dom@19.0.4/index.d.ts",
    "https://esm.sh/@types/react-dom@~19.0.3/server.d.ts": "https://esm.sh/@types/react-dom@19.0.4/server.d.ts",
    "https://esm.sh/@types/react@~18.2.79/jsx-runtime.d.ts": "https://esm.sh/@types/react@18.2.79/jsx-runtime.d.ts",
    "https://esm.sh/@types/react@~19.0.7/index.d.ts": "https://esm.sh/@types/react@19.0.10/index.d.ts",
    "https://esm.sh/@types/react@~19.0.7/jsx-runtime.d.ts": "https://esm.sh/@types/react@19.0.10/jsx-runtime.d.ts",
    "https://esm.sh/@types/set-cookie-parser@~2.4.10/index.d.ts": "https://esm.sh/@types/set-cookie-parser@2.4.10/index.d.ts",
    "https://esm.sh/cookie@^1.0.1?target=denonext": "https://esm.sh/cookie@1.0.2?target=denonext",
    "https://esm.sh/react-dom@%3E=16.8?target=denonext": "https://esm.sh/react-dom@19.0.0?target=denonext",
    "https://esm.sh/react-dom@%3E=18?target=denonext": "https://esm.sh/react-dom@19.0.0?target=denonext",
    "https://esm.sh/react@%3E=16.8?target=denonext": "https://esm.sh/react@19.0.0?target=denonext",
    "https://esm.sh/react@%3E=18?target=denonext": "https://esm.sh/react@19.0.0?target=denonext",
    "https://esm.sh/set-cookie-parser@^2.6.0?target=denonext": "https://esm.sh/set-cookie-parser@2.7.1?target=denonext"
  },
  "remote": {
    "https://deno.land/std@0.157.0/async/abortable.ts": "87aa7230be8360c24ad437212311c9e8d4328854baec27b4c7abb26e85515c06",
    "https://deno.land/std@0.157.0/async/deadline.ts": "48ac998d7564969f3e6ec6b6f9bf0217ebd00239b1b2292feba61272d5dd58d0",
    "https://deno.land/std@0.157.0/async/debounce.ts": "de5433bff08a2bb61416fc53b3bd2d5867090c8a815465e5b4a10a77495b1051",
    "https://deno.land/std@0.157.0/async/deferred.ts": "c01de44b9192359cebd3fe93273fcebf9e95110bf3360023917da9a2d1489fae",
    "https://deno.land/std@0.157.0/async/delay.ts": "0419dfc993752849692d1f9647edf13407c7facc3509b099381be99ffbc9d699",
    "https://deno.land/std@0.157.0/async/mod.ts": "dd0a8ed4f3984ffabe2fcca7c9f466b7932d57b1864ffee148a5d5388316db6b",
    "https://deno.land/std@0.157.0/async/mux_async_iterator.ts": "3447b28a2a582224a3d4d3596bccbba6e85040da3b97ed64012f7decce98d093",
    "https://deno.land/std@0.157.0/async/pool.ts": "ef9eb97b388543acbf0ac32647121e4dbe629236899586c4d4311a8770fbb239",
    "https://deno.land/std@0.157.0/async/tee.ts": "d27680d911816fcb3d231e16d690e7588079e66a9b2e5ce8cc354db94fdce95f",
    "https://deno.land/std@0.157.0/http/server.ts": "c1bce1cbf4060055f622d5c3f0e406fd553e5dca111ca836d28c6268f170ebeb",
    "https://deno.land/std@0.192.0/_util/asserts.ts": "178dfc49a464aee693a7e285567b3d0b555dc805ff490505a8aae34f9cfb1462",
    "https://deno.land/std@0.192.0/_util/os.ts": "d932f56d41e4f6a6093d56044e29ce637f8dcc43c5a90af43504a889cf1775e3",
    "https://deno.land/std@0.192.0/async/abortable.ts": "fd682fa46f3b7b16b4606a5ab52a7ce309434b76f820d3221bdfb862719a15d7",
    "https://deno.land/std@0.192.0/async/deadline.ts": "58f72a3cc0fcb731b2cc055ba046f4b5be3349ff6bf98f2e793c3b969354aab2",
    "https://deno.land/std@0.192.0/async/debounce.ts": "adab11d04ca38d699444ac8a9d9856b4155e8dda2afd07ce78276c01ea5a4332",
    "https://deno.land/std@0.192.0/async/deferred.ts": "42790112f36a75a57db4a96d33974a936deb7b04d25c6084a9fa8a49f135def8",
    "https://deno.land/std@0.192.0/async/delay.ts": "73aa04cec034c84fc748c7be49bb15cac3dd43a57174bfdb7a4aec22c248f0dd",
    "https://deno.land/std@0.192.0/async/mod.ts": "f04344fa21738e5ad6bea37a6bfffd57c617c2d372bb9f9dcfd118a1b622e576",
    "https://deno.land/std@0.192.0/async/mux_async_iterator.ts": "70c7f2ee4e9466161350473ad61cac0b9f115cff4c552eaa7ef9d50c4cbb4cc9",
    "https://deno.land/std@0.192.0/async/pool.ts": "f1b8d3df4d7fd3c73f8cbc91cc2e8b8e950910f1eab94230b443944d7584c657",
    "https://deno.land/std@0.192.0/async/retry.ts": "6521c061a5ab24e8b1ae624bdc581c4243d1d574f99dc7f5a2a195c2241fb1b8",
    "https://deno.land/std@0.192.0/async/tee.ts": "47e42d35f622650b02234d43803d0383a89eb4387e1b83b5a40106d18ae36757",
    "https://deno.land/std@0.192.0/fs/_util.ts": "fbf57dcdc9f7bc8128d60301eece608246971a7836a3bb1e78da75314f08b978",
    "https://deno.land/std@0.192.0/fs/copy.ts": "14214efd94fc3aa6db1e4af2b4b9578e50f7362b7f3725d5a14ad259a5df26c8",
    "https://deno.land/std@0.192.0/fs/empty_dir.ts": "c3d2da4c7352fab1cf144a1ecfef58090769e8af633678e0f3fabaef98594688",
    "https://deno.land/std@0.192.0/fs/ensure_dir.ts": "dc64c4c75c64721d4e3fb681f1382f803ff3d2868f08563ff923fdd20d071c40",
    "https://deno.land/std@0.192.0/fs/ensure_file.ts": "c38602670bfaf259d86ca824a94e6cb9e5eb73757fefa4ebf43a90dd017d53d9",
    "https://deno.land/std@0.192.0/fs/ensure_link.ts": "c0f5b2f0ec094ed52b9128eccb1ee23362a617457aa0f699b145d4883f5b2fb4",
    "https://deno.land/std@0.192.0/fs/ensure_symlink.ts": "5006ab2f458159c56d689b53b1e48d57e05eeb1eaf64e677f7f76a30bc4fdba1",
    "https://deno.land/std@0.192.0/fs/eol.ts": "f1f2eb348a750c34500741987b21d65607f352cf7205f48f4319d417fff42842",
    "https://deno.land/std@0.192.0/fs/exists.ts": "29c26bca8584a22876be7cb8844f1b6c8fc35e9af514576b78f5c6884d7ed02d",
    "https://deno.land/std@0.192.0/fs/expand_glob.ts": "e4f56259a0a70fe23f05215b00de3ac5e6ba46646ab2a06ebbe9b010f81c972a",
    "https://deno.land/std@0.192.0/fs/mod.ts": "bc3d0acd488cc7b42627044caf47d72019846d459279544e1934418955ba4898",
    "https://deno.land/std@0.192.0/fs/move.ts": "b4f8f46730b40c32ea3c0bc8eb0fd0e8139249a698883c7b3756424cf19785c9",
    "https://deno.land/std@0.192.0/fs/walk.ts": "920be35a7376db6c0b5b1caf1486fb962925e38c9825f90367f8f26b5e5d0897",
    "https://deno.land/std@0.192.0/http/server.ts": "1b23463b5b36e4eebc495417f6af47a6f7d52e3294827a1226d2a1aab23d9d20",
    "https://deno.land/std@0.192.0/media_types/_db.ts": "7606d83e31f23ce1a7968cbaee852810c2cf477903a095696cdc62eaab7ce570",
    "https://deno.land/std@0.192.0/media_types/_util.ts": "916efbd30b6148a716f110e67a4db29d6949bf4048997b754415dd7e42c52378",
    "https://deno.land/std@0.192.0/media_types/content_type.ts": "ad98a5aa2d95f5965b2796072284258710a25e520952376ed432b0937ce743bc",
    "https://deno.land/std@0.192.0/media_types/extension.ts": "a7cd28c9417143387cdfed27d4e8607ebcf5b1ec27eb8473d5b000144689fe65",
    "https://deno.land/std@0.192.0/media_types/extensions_by_type.ts": "43806d6a52a0d6d965ada9d20e60a982feb40bc7a82268178d94edb764694fed",
    "https://deno.land/std@0.192.0/media_types/format_media_type.ts": "f5e1073c05526a6f5a516ac5c5587a1abd043bf1039c71cde1166aa4328c8baf",
    "https://deno.land/std@0.192.0/media_types/get_charset.ts": "18b88274796fda5d353806bf409eb1d2ddb3f004eb4bd311662c4cdd8ac173db",
    "https://deno.land/std@0.192.0/media_types/mod.ts": "d3f0b99f85053bc0b98ecc24eaa3546dfa09b856dc0bbaf60d8956d2cdd710c8",
    "https://deno.land/std@0.192.0/media_types/parse_media_type.ts": "835c4112e1357e95b4f10d7cdea5ae1801967e444f48673ff8f1cb4d32af9920",
    "https://deno.land/std@0.192.0/media_types/type_by_extension.ts": "daa801eb0f11cdf199445d0f1b656cf116d47dcf9e5b85cc1e6b4469f5ee0432",
    "https://deno.land/std@0.192.0/media_types/vendor/mime-db.v1.52.0.ts": "6925bbcae81ca37241e3f55908d0505724358cda3384eaea707773b2c7e99586",
    "https://deno.land/std@0.192.0/path/_constants.ts": "e49961f6f4f48039c0dfed3c3f93e963ca3d92791c9d478ac5b43183413136e0",
    "https://deno.land/std@0.192.0/path/_interface.ts": "6471159dfbbc357e03882c2266d21ef9afdb1e4aa771b0545e90db58a0ba314b",
    "https://deno.land/std@0.192.0/path/_util.ts": "d7abb1e0dea065f427b89156e28cdeb32b045870acdf865833ba808a73b576d0",
    "https://deno.land/std@0.192.0/path/common.ts": "ee7505ab01fd22de3963b64e46cff31f40de34f9f8de1fff6a1bd2fe79380000",
    "https://deno.land/std@0.192.0/path/glob.ts": "d479e0a695621c94d3fd7fe7abd4f9499caf32a8de13f25073451c6ef420a4e1",
    "https://deno.land/std@0.192.0/path/mod.ts": "f065032a7189404fdac3ad1a1551a9ac84751d2f25c431e101787846c86c79ef",
    "https://deno.land/std@0.192.0/path/posix.ts": "8b7c67ac338714b30c816079303d0285dd24af6b284f7ad63da5b27372a2c94d",
    "https://deno.land/std@0.192.0/path/separator.ts": "0fb679739d0d1d7bf45b68dacfb4ec7563597a902edbaf3c59b50d5bcadd93b1",
    "https://deno.land/std@0.192.0/path/win32.ts": "d186344e5583bcbf8b18af416d13d82b35a317116e6460a5a3953508c3de5bba",
    "https://esm.sh/@remix-run/router@1.15.0/denonext/router.mjs": "f498d2bb20a08f559d71612c852fae88f96f3c05d0b45d183f3b807f67754b6a",
    "https://esm.sh/cookie@1.0.2/denonext/cookie.mjs": "6c4f976d4d933ff2d7afc1f6ee7af134108c9858f5a2aadc6189084bd5972275",
    "https://esm.sh/cookie@1.0.2?target=denonext": "04dabbcad7a7a96d841d6b21f00cb20191fb29339781237088d8edabad52df66",
    "https://esm.sh/react-dom@18.2.0/denonext/server.mjs": "8e60c3810ba398eae573a08bb0586fa6f026a039b22719c149426b8a898cd13f",
    "https://esm.sh/react-dom@18.2.0/server": "feae466060f42aa4d40a2566212814a3d4a04f11b7f84d4504273d15b780001f",
    "https://esm.sh/react-dom@19.0.0/denonext/cjs/react-dom-server-legacy.browser.production.mjs": "7fb4a5e3aa15231dceda099a2ad57cf8cddef5b22b0645250f4bc0310cbb11aa",
    "https://esm.sh/react-dom@19.0.0/denonext/cjs/react-dom-server.browser.production.mjs": "9fb831ff9bfd7b2ad7e1caee61e2934b0c71442a96ddd29975210a874c3d2208",
    "https://esm.sh/react-dom@19.0.0/denonext/react-dom.mjs": "a2f7bc344e1d5b7ca47e68665291e206ae4db17ee84f234f3d3e2533b9119f63",
    "https://esm.sh/react-dom@19.0.0/denonext/server.mjs": "b0522e0f0cd0c6405b494a391866fb150171ded94df18fac4ccd2aa7770dd293",
    "https://esm.sh/react-dom@19.0.0/server": "bcf7565f144b747ab3babd02b57b3b0e1fdc6a8753f2064e0d7105748aec363b",
    "https://esm.sh/react-dom@19.0.0?target=denonext": "d057f65e74eca8add1702ba9a5ecbcc8e60a73dd358b7852094bde0361725137",
    "https://esm.sh/react-router-dom@6.22.0": "6e3d24eff0805941678247550a7e81713c7bcca045afa55c9dd29f1a92b217ba",
    "https://esm.sh/react-router-dom@6.22.0/denonext/react-router-dom.mjs": "6688e683c27d9a917a09508f19d9b3db4f778bfe195b033db8f206a6cb22b3ed",
    "https://esm.sh/react-router-dom@7.0.0": "9680976625a654aef74de36affc75cd5df49ba856b919628bef9ed97994adfff",
    "https://esm.sh/react-router-dom@7.0.0/denonext/react-router-dom.mjs": "75532db471b877ed68e5c104886eec785256ad944c5f61bf1d03d38004a56f9b",
    "https://esm.sh/react-router@6.22.0/denonext/react-router.mjs": "5555fced1fdee29c7905f715a9e9afca37d3bc44f59dbf73d4b7824fa1161ddd",
    "https://esm.sh/react-router@7.0.0/denonext/dom.mjs": "a17069e05aaa242066d1902e76ceb53b3d9660c5c437a72011a6e3a24f8ebdb7",
    "https://esm.sh/react-router@7.0.0/denonext/react-router.mjs": "77a62462963db24c2e7a75454bf5698b7eacff5d78ad30bd6a30ea70c60ba7d3",
    "https://esm.sh/react@18.2.0/denonext/jsx-runtime.mjs": "82f5137c9609f7b42ca13787d97b8c2dc55cfb8ce378c788791c156087a13cb3",
    "https://esm.sh/react@18.2.0/denonext/react.mjs": "a986c2876dc2f73879f395e677dc34cb751f260e69db16364810655f884df173",
    "https://esm.sh/react@18.2.0/jsx-runtime": "0bb3cca902d25a6827ac8153c8038b637e21bd20180bd58e827515d67de80582",
    "https://esm.sh/react@19.0.0/denonext/jsx-runtime.mjs": "643b749fa9666fbf73619a99fd708722edb4acaa34c8cea7be783a3432367780",
    "https://esm.sh/react@19.0.0/denonext/react.mjs": "87fdb28d39ca8983bdba3e7ec329305f95463cfc70c015b2620b4900fa15efdd",
    "https://esm.sh/react@19.0.0/jsx-runtime": "491d2a6b0632208ebc307680e900d5c3246bf6738f3b1ef028a72c94e8b53a62",
    "https://esm.sh/react@19.0.0?target=denonext": "ab1f4aa20ac56c237bbb204632bdb55f03a0ab005d21944eeb447e5e37879637",
    "https://esm.sh/set-cookie-parser@2.7.1/denonext/set-cookie-parser.mjs": "81f09c909c63221a2460bc7602746543af6fd05b54fd866a04e81bb754bc7f26",
    "https://esm.sh/set-cookie-parser@2.7.1?target=denonext": "5340cc320e1c716299df7947a234e4b58951c97eba69b43d9f79d8933a07e6c8",
    "https://esm.sh/turbo-stream@2.4.0/denonext/turbo-stream.mjs": "635731418708dd33b7db7bf5a0011b28fb89b61154f70ab112da16d5b0cc20b4"
  }
}
